lockfileVersion: '9.0'

settings:
  autoInstallPeers: true
  excludeLinksFromLockfile: false

importers:

  .:
    devDependencies:
      '@workadventure/iframe-api-typings':
        specifier: ^1.4.15
        version: 1.24.11

packages:

  '@workadventure/iframe-api-typings@1.24.11':
    resolution: {integrity: sha512-nLHydECNXPo3D7pVNORJHbqJ9lTB7j5rf+A0X2d6eBg3K8MxFLe1xapPZ1vsXPNX5PKA4vPOQExxBD1gs1NFDg==}

  rxjs@6.6.7:
    resolution: {integrity: sha512-hTdwr+7yYNIT5n4AMYp85KA6yw2Va0FLa3Rguvbpa4W3I5xynaBZo41cM3XM+4Q6fRMj3sBYIR1VAmZMXYJvRQ==}
    engines: {npm: '>=2.0.0'}

  tslib@1.14.1:
    resolution: {integrity: sha512-Xni35NKzjgMrwevysHTCArtLDpPvye8zV/0E4EyYn43P7/7qvQwPh9BGkHewbMulVntbigmcT7rdX3BNo9wRJg==}

  zod@3.24.4:
    resolution: {integrity: sha512-OdqJE9UDRPwWsrHjLN2F8bPxvwJBK22EHLWtanu0LSYr5YqzsaaW3RMgmjwr8Rypg5k+meEJdSPXJZXE/yqOMg==}

snapshots:

  '@workadventure/iframe-api-typings@1.24.11':
    dependencies:
      rxjs: 6.6.7
      zod: 3.24.4

  rxjs@6.6.7:
    dependencies:
      tslib: 1.14.1

  tslib@1.14.1: {}

  zod@3.24.4: {}
